github.com/soypat/cyw43439 v0.1.1 h1:vcaTiVzfuz3keK7lJpVxStZ6tV8HCw7Ugzsh1k4mneE=
github.com/soypat/cyw43439 v0.1.1/go.mod h1:R2uSILRwSPmcmmKy5Z0FtK4ypgiPf5YqK+F+IKmXqxc=
github.com/soypat/lneto v0.3.0 h1:P9PPYejdkuvcG9z7HE47zDtEEXrWXDnSkxOn1hEPmEc=
github.com/soypat/lneto v0.3.0/go.mod h1:Be5PjwoYukvHFiUXxpYi8+ppH2F/gw/vjGBvFdv+Ti8=
